
Microsoft Visual Studio Solution File, Format Version 12.00
# Visual Studio Version 16
VisualStudioVersion = 16.0.31729.503
MinimumVisualStudioVersion = 10.0.40219.1
Project("{FAE04EC0-301F-11D3-BF4B-00C04F79EFBC}") = "PrimoEsempioWPF", "PrimoEsempioWPF\PrimoEsempioWPF.csproj", "{DA80CAD9-AF4D-4A4D-A9F1-53C611201DAB}"
EndProject
Global
	GlobalSection(SolutionConfigurationPlatforms) = preSolution
		Debug|Any CPU = Debug|Any CPU
		Release|Any CPU = Release|Any CPU
	EndGlobalSection
	GlobalSection(ProjectConfigurationPlatforms) = postSolution
		{DA80CAD9-AF4D-4A4D-A9F1-53C611201DAB}.Debug|Any CPU.ActiveCfg = Debug|Any CPU
		{DA80CAD9-AF4D-4A4D-A9F1-53C611201DAB}.Debug|Any CPU.Build.0 = Debug|Any CPU
		{DA80CAD9-AF4D-4A4D-A9F1-53C611201DAB}.Release|Any CPU.ActiveCfg = Release|Any CPU
		{DA80CAD9-AF4D-4A4D-A9F1-53C611201DAB}.Release|Any CPU.Build.0 = Release|Any CPU
	EndGlobalSection
	GlobalSection(SolutionProperties) = preSolution
		HideSolutionNode = FALSE
	EndGlobalSection
	GlobalSection(ExtensibilityGlobals) = postSolution
		SolutionGuid = {2C2EADBA-158D-4DF4-9EC2-5D2198B6B490}
	EndGlobalSection
EndGlobal
